{
    "_readme": [
        "This file locks the dependencies of your project to a known state",
        "Read more about it at https://getcomposer.org/doc/01-basic-usage.md#installing-dependencies",
        "This file is @generated automatically"
    ],
    "content-hash": "f6cef480e1ea29bfcb18f8c99389bef2",
    "packages": [
        {
            "name": "abuyoyo/plugincore",
            "version": "0.32",
            "source": {
                "type": "git",
                "url": "https://github.com/abuyoyo/PluginCore.git",
                "reference": "d50b14892249cbae5ce3e1b649d49cfdca48ea6e"
            },
            "dist": {
                "type": "zip",
                "url": "https://api.github.com/repos/abuyoyo/PluginCore/zipball/d50b14892249cbae5ce3e1b649d49cfdca48ea6e",
                "reference": "d50b14892249cbae5ce3e1b649d49cfdca48ea6e",
                "shasum": ""
            },
            "suggest": {
                "abuyoyo/adminmenupage": "~0.33",
                "yahnis-elsts/plugin-update-checker": "~5.2"
            },
            "type": "library",
            "autoload": {
                "psr-4": {
                    "WPHelper\\": ""
                }
            },
            "notification-url": "https://packagist.org/downloads/",
            "license": [
                "BSD-3-Clause"
            ],
            "description": "WordPress plugin core helper class",
            "support": {
                "issues": "https://github.com/abuyoyo/PluginCore/issues",
                "source": "https://github.com/abuyoyo/PluginCore/tree/0.32"
            },
            "time": "2024-12-10T00:00:00+00:00"
        },
        {
            "name": "abuyoyo/wphelper-utility",
            "version": "0.12",
            "source": {
                "type": "git",
                "url": "https://github.com/abuyoyo/wphelper-utility.git",
                "reference": "8e2f8ea1fb4913ec4a7a150d3e05a344308c6ff9"
            },
            "dist": {
                "type": "zip",
                "url": "https://api.github.com/repos/abuyoyo/wphelper-utility/zipball/8e2f8ea1fb4913ec4a7a150d3e05a344308c6ff9",
                "reference": "8e2f8ea1fb4913ec4a7a150d3e05a344308c6ff9",
                "shasum": ""
            },
            "type": "library",
            "autoload": {
                "files": [
                    "functions.php"
                ],
                "psr-4": {
                    "WPHelper\\": ""
                }
            },
            "notification-url": "https://packagist.org/downloads/",
            "license": [
                "BSD-3-Clause"
            ],
            "description": "WPHelper Utility classes and functions.",
            "support": {
                "issues": "https://github.com/abuyoyo/wphelper-utility/issues",
                "source": "https://github.com/abuyoyo/wphelper-utility/tree/0.12"
            },
            "time": "2024-06-14T01:02:06+00:00"
        }
    ],
    "packages-dev": [],
    "aliases": [],
    "minimum-stability": "stable",
    "stability-flags": [],
    "prefer-stable": false,
    "prefer-lowest": false,
    "platform": [],
    "platform-dev": [],
    "plugin-api-version": "2.3.0"
}
